
Microsoft Visual Studio Solution File, Format Version 12.00
# Visual Studio Version 16
VisualStudioVersion = 16.0.29609.76
MinimumVisualStudioVersion = 10.0.40219.1
Project("{FAE04EC0-301F-11D3-BF4B-00C04F79EFBC}") = "Find", "Find\Find.csproj", "{7D50B6F3-1C18-4FB9-9486-59CEB1AE32BA}"
EndProject
Global
	GlobalSection(SolutionConfigurationPlatforms) = preSolution
		Debug|Any CPU = Debug|Any CPU
		Release|Any CPU = Release|Any CPU
	EndGlobalSection
	GlobalSection(ProjectConfigurationPlatforms) = postSolution
		{7D50B6F3-1C18-4FB9-9486-59CEB1AE32BA}.Debug|Any CPU.ActiveCfg = Debug|Any CPU
		{7D50B6F3-1C18-4FB9-9486-59CEB1AE32BA}.Debug|Any CPU.Build.0 = Debug|Any CPU
		{7D50B6F3-1C18-4FB9-9486-59CEB1AE32BA}.Release|Any CPU.ActiveCfg = Release|Any CPU
		{7D50B6F3-1C18-4FB9-9486-59CEB1AE32BA}.Release|Any CPU.Build.0 = Release|Any CPU
	EndGlobalSection
	GlobalSection(SolutionProperties) = preSolution
		HideSolutionNode = FALSE
	EndGlobalSection
	GlobalSection(ExtensibilityGlobals) = postSolution
		SolutionGuid = {41B29F2E-31F1-4C04-9F95-5561522F5237}
	EndGlobalSection
EndGlobal
