
Microsoft Visual Studio Solution File, Format Version 12.00
# Visual Studio Version 16
VisualStudioVersion = 16.0.29609.76
MinimumVisualStudioVersion = 10.0.40219.1
Project("{2150E333-8FDC-42A3-9474-1A3956D46DE8}") = "Applications", "Applications", "{5BF5DCBB-FB4B-4F1D-A2A7-2CA12B2E040F}"
EndProject
Project("{2150E333-8FDC-42A3-9474-1A3956D46DE8}") = "Common", "Common", "{F73AE41D-E497-4C1B-B26A-ACE872B3325F}"
EndProject
Project("{2150E333-8FDC-42A3-9474-1A3956D46DE8}") = "DataAccess", "DataAccess", "{A31FC02F-398D-4B5A-9DBF-C76C7FDCAD9B}"
EndProject
Project("{2150E333-8FDC-42A3-9474-1A3956D46DE8}") = "Modules", "Modules", "{AC00097F-9BDD-43AD-9731-8F4109F9EA2D}"
EndProject
Project("{9A19103F-16F7-4668-BE54-9A1E7A4F7556}") = "Models", "DataAccess\Models\Models.csproj", "{FABAEA07-F4FC-4185-B98C-AED95CA9EE0D}"
EndProject
Project("{2150E333-8FDC-42A3-9474-1A3956D46DE8}") = "SharedBL", "SharedBL", "{CD09112F-B386-4A98-9BCA-9EEC8C5589FE}"
EndProject
Project("{2150E333-8FDC-42A3-9474-1A3956D46DE8}") = "SharedVM", "SharedVM", "{F976AC4A-0FE3-46B9-A31A-15BDB7265CD0}"
EndProject
Project("{9A19103F-16F7-4668-BE54-9A1E7A4F7556}") = "Contracts", "Contracts\Contracts.csproj", "{51DF01AB-EAEF-429E-8B36-ECC960B0CAD8}"
EndProject
Project("{2150E333-8FDC-42A3-9474-1A3956D46DE8}") = "Find", "Find", "{C8214704-92CB-47D9-A96D-0B1357DF7D86}"
EndProject
Project("{2150E333-8FDC-42A3-9474-1A3956D46DE8}") = "FindBL", "FindBL", "{FE51415F-4AAF-48DF-A2E6-79EB4581BB5E}"
EndProject
Project("{2150E333-8FDC-42A3-9474-1A3956D46DE8}") = "FindVM", "FindVM", "{977611B6-5FC4-4065-A4E2-F78219FAD9A0}"
EndProject
Project("{2150E333-8FDC-42A3-9474-1A3956D46DE8}") = "FindUpdater", "FindUpdater", "{0F3BE9FC-4A39-40E7-9C10-29FB1E66FA23}"
EndProject
Project("{2150E333-8FDC-42A3-9474-1A3956D46DE8}") = "FindUpdaterVM", "FindUpdaterVM", "{1A2F8282-A32D-42A1-B3C7-CFDA58128F74}"
EndProject
Project("{2150E333-8FDC-42A3-9474-1A3956D46DE8}") = "FindUpdaterBL", "FindUpdaterBL", "{346737CE-296F-4918-AA48-19D0CA62F002}"
EndProject
Project("{9A19103F-16F7-4668-BE54-9A1E7A4F7556}") = "FindBusinessLogic", "Modules\Find\FindBL\FindBusinessLogic\FindBusinessLogic.csproj", "{5CA209C5-5233-4C72-A817-93C6E8AC8D27}"
EndProject
Project("{9A19103F-16F7-4668-BE54-9A1E7A4F7556}") = "FindUpdaterBusinessLogic", "Modules\FindUpdater\FindUpdaterBL\FindUpdaterBusinessLogic\FindUpdaterBusinessLogic.csproj", "{246A618F-EE2E-4406-987F-D0B64B65BE60}"
EndProject
Project("{9A19103F-16F7-4668-BE54-9A1E7A4F7556}") = "SharedBusinessLogic", "Common\SharedBL\SharedBusinessLogic\SharedBusinessLogic.csproj", "{36CC4A4E-FDE5-4652-9ECD-47730067FD87}"
EndProject
Project("{2150E333-8FDC-42A3-9474-1A3956D46DE8}") = "Find", "Find", "{2B8E9F65-1F70-4EE0-BAA5-D4D909C03284}"
EndProject
Project("{2150E333-8FDC-42A3-9474-1A3956D46DE8}") = "FindUpdater", "FindUpdater", "{3A6183C3-299D-4FDC-94E2-D138A5F1EFA1}"
EndProject
Project("{FAE04EC0-301F-11D3-BF4B-00C04F79EFBC}") = "FindUpdater", "Applications\FindUpdater\FindUpdater\FindUpdater.csproj", "{1A32FA06-7386-4903-9E35-B5F54D79F7F7}"
EndProject
Project("{FAE04EC0-301F-11D3-BF4B-00C04F79EFBC}") = "Find", "Applications\Find\Find\Find.csproj", "{998E1EFC-20A1-415F-84C5-AE48F4B402A6}"
EndProject
Project("{FAE04EC0-301F-11D3-BF4B-00C04F79EFBC}") = "SharedViewModel", "Common\SharedVM\SharedViewModel\SharedViewModel.csproj", "{5D1FB038-9440-486E-8365-DD13E697942A}"
EndProject
Project("{FAE04EC0-301F-11D3-BF4B-00C04F79EFBC}") = "FindViewModel", "Modules\Find\FindVM\FindViewModel\FindViewModel.csproj", "{279E5139-3191-41B5-911B-DFD1A4FA6625}"
EndProject
Project("{FAE04EC0-301F-11D3-BF4B-00C04F79EFBC}") = "FindUpdaterViewModel", "Modules\FindUpdater\FindUpdaterVM\FindUpdaterViewModel\FindUpdaterViewModel.csproj", "{C64F868B-5AF0-4A69-97FD-CA2871955142}"
EndProject
Global
	GlobalSection(SolutionConfigurationPlatforms) = preSolution
		Debug|Any CPU = Debug|Any CPU
		Release|Any CPU = Release|Any CPU
	EndGlobalSection
	GlobalSection(ProjectConfigurationPlatforms) = postSolution
		{FABAEA07-F4FC-4185-B98C-AED95CA9EE0D}.Debug|Any CPU.ActiveCfg = Debug|Any CPU
		{FABAEA07-F4FC-4185-B98C-AED95CA9EE0D}.Debug|Any CPU.Build.0 = Debug|Any CPU
		{FABAEA07-F4FC-4185-B98C-AED95CA9EE0D}.Release|Any CPU.ActiveCfg = Release|Any CPU
		{FABAEA07-F4FC-4185-B98C-AED95CA9EE0D}.Release|Any CPU.Build.0 = Release|Any CPU
		{51DF01AB-EAEF-429E-8B36-ECC960B0CAD8}.Debug|Any CPU.ActiveCfg = Debug|Any CPU
		{51DF01AB-EAEF-429E-8B36-ECC960B0CAD8}.Debug|Any CPU.Build.0 = Debug|Any CPU
		{51DF01AB-EAEF-429E-8B36-ECC960B0CAD8}.Release|Any CPU.ActiveCfg = Release|Any CPU
		{51DF01AB-EAEF-429E-8B36-ECC960B0CAD8}.Release|Any CPU.Build.0 = Release|Any CPU
		{5CA209C5-5233-4C72-A817-93C6E8AC8D27}.Debug|Any CPU.ActiveCfg = Debug|Any CPU
		{5CA209C5-5233-4C72-A817-93C6E8AC8D27}.Debug|Any CPU.Build.0 = Debug|Any CPU
		{5CA209C5-5233-4C72-A817-93C6E8AC8D27}.Release|Any CPU.ActiveCfg = Release|Any CPU
		{5CA209C5-5233-4C72-A817-93C6E8AC8D27}.Release|Any CPU.Build.0 = Release|Any CPU
		{246A618F-EE2E-4406-987F-D0B64B65BE60}.Debug|Any CPU.ActiveCfg = Debug|Any CPU
		{246A618F-EE2E-4406-987F-D0B64B65BE60}.Debug|Any CPU.Build.0 = Debug|Any CPU
		{246A618F-EE2E-4406-987F-D0B64B65BE60}.Release|Any CPU.ActiveCfg = Release|Any CPU
		{246A618F-EE2E-4406-987F-D0B64B65BE60}.Release|Any CPU.Build.0 = Release|Any CPU
		{36CC4A4E-FDE5-4652-9ECD-47730067FD87}.Debug|Any CPU.ActiveCfg = Debug|Any CPU
		{36CC4A4E-FDE5-4652-9ECD-47730067FD87}.Debug|Any CPU.Build.0 = Debug|Any CPU
		{36CC4A4E-FDE5-4652-9ECD-47730067FD87}.Release|Any CPU.ActiveCfg = Release|Any CPU
		{36CC4A4E-FDE5-4652-9ECD-47730067FD87}.Release|Any CPU.Build.0 = Release|Any CPU
		{1A32FA06-7386-4903-9E35-B5F54D79F7F7}.Debug|Any CPU.ActiveCfg = Debug|Any CPU
		{1A32FA06-7386-4903-9E35-B5F54D79F7F7}.Debug|Any CPU.Build.0 = Debug|Any CPU
		{1A32FA06-7386-4903-9E35-B5F54D79F7F7}.Release|Any CPU.ActiveCfg = Release|Any CPU
		{1A32FA06-7386-4903-9E35-B5F54D79F7F7}.Release|Any CPU.Build.0 = Release|Any CPU
		{998E1EFC-20A1-415F-84C5-AE48F4B402A6}.Debug|Any CPU.ActiveCfg = Debug|Any CPU
		{998E1EFC-20A1-415F-84C5-AE48F4B402A6}.Debug|Any CPU.Build.0 = Debug|Any CPU
		{998E1EFC-20A1-415F-84C5-AE48F4B402A6}.Release|Any CPU.ActiveCfg = Release|Any CPU
		{998E1EFC-20A1-415F-84C5-AE48F4B402A6}.Release|Any CPU.Build.0 = Release|Any CPU
		{5D1FB038-9440-486E-8365-DD13E697942A}.Debug|Any CPU.ActiveCfg = Debug|Any CPU
		{5D1FB038-9440-486E-8365-DD13E697942A}.Debug|Any CPU.Build.0 = Debug|Any CPU
		{5D1FB038-9440-486E-8365-DD13E697942A}.Release|Any CPU.ActiveCfg = Release|Any CPU
		{5D1FB038-9440-486E-8365-DD13E697942A}.Release|Any CPU.Build.0 = Release|Any CPU
		{279E5139-3191-41B5-911B-DFD1A4FA6625}.Debug|Any CPU.ActiveCfg = Debug|Any CPU
		{279E5139-3191-41B5-911B-DFD1A4FA6625}.Debug|Any CPU.Build.0 = Debug|Any CPU
		{279E5139-3191-41B5-911B-DFD1A4FA6625}.Release|Any CPU.ActiveCfg = Release|Any CPU
		{279E5139-3191-41B5-911B-DFD1A4FA6625}.Release|Any CPU.Build.0 = Release|Any CPU
		{C64F868B-5AF0-4A69-97FD-CA2871955142}.Debug|Any CPU.ActiveCfg = Debug|Any CPU
		{C64F868B-5AF0-4A69-97FD-CA2871955142}.Debug|Any CPU.Build.0 = Debug|Any CPU
		{C64F868B-5AF0-4A69-97FD-CA2871955142}.Release|Any CPU.ActiveCfg = Release|Any CPU
		{C64F868B-5AF0-4A69-97FD-CA2871955142}.Release|Any CPU.Build.0 = Release|Any CPU
	EndGlobalSection
	GlobalSection(SolutionProperties) = preSolution
		HideSolutionNode = FALSE
	EndGlobalSection
	GlobalSection(NestedProjects) = preSolution
		{FABAEA07-F4FC-4185-B98C-AED95CA9EE0D} = {A31FC02F-398D-4B5A-9DBF-C76C7FDCAD9B}
		{CD09112F-B386-4A98-9BCA-9EEC8C5589FE} = {F73AE41D-E497-4C1B-B26A-ACE872B3325F}
		{F976AC4A-0FE3-46B9-A31A-15BDB7265CD0} = {F73AE41D-E497-4C1B-B26A-ACE872B3325F}
		{C8214704-92CB-47D9-A96D-0B1357DF7D86} = {AC00097F-9BDD-43AD-9731-8F4109F9EA2D}
		{FE51415F-4AAF-48DF-A2E6-79EB4581BB5E} = {C8214704-92CB-47D9-A96D-0B1357DF7D86}
		{977611B6-5FC4-4065-A4E2-F78219FAD9A0} = {C8214704-92CB-47D9-A96D-0B1357DF7D86}
		{0F3BE9FC-4A39-40E7-9C10-29FB1E66FA23} = {AC00097F-9BDD-43AD-9731-8F4109F9EA2D}
		{1A2F8282-A32D-42A1-B3C7-CFDA58128F74} = {0F3BE9FC-4A39-40E7-9C10-29FB1E66FA23}
		{346737CE-296F-4918-AA48-19D0CA62F002} = {0F3BE9FC-4A39-40E7-9C10-29FB1E66FA23}
		{5CA209C5-5233-4C72-A817-93C6E8AC8D27} = {FE51415F-4AAF-48DF-A2E6-79EB4581BB5E}
		{246A618F-EE2E-4406-987F-D0B64B65BE60} = {346737CE-296F-4918-AA48-19D0CA62F002}
		{36CC4A4E-FDE5-4652-9ECD-47730067FD87} = {CD09112F-B386-4A98-9BCA-9EEC8C5589FE}
		{2B8E9F65-1F70-4EE0-BAA5-D4D909C03284} = {5BF5DCBB-FB4B-4F1D-A2A7-2CA12B2E040F}
		{3A6183C3-299D-4FDC-94E2-D138A5F1EFA1} = {5BF5DCBB-FB4B-4F1D-A2A7-2CA12B2E040F}
		{1A32FA06-7386-4903-9E35-B5F54D79F7F7} = {3A6183C3-299D-4FDC-94E2-D138A5F1EFA1}
		{998E1EFC-20A1-415F-84C5-AE48F4B402A6} = {2B8E9F65-1F70-4EE0-BAA5-D4D909C03284}
		{5D1FB038-9440-486E-8365-DD13E697942A} = {F976AC4A-0FE3-46B9-A31A-15BDB7265CD0}
		{279E5139-3191-41B5-911B-DFD1A4FA6625} = {977611B6-5FC4-4065-A4E2-F78219FAD9A0}
		{C64F868B-5AF0-4A69-97FD-CA2871955142} = {1A2F8282-A32D-42A1-B3C7-CFDA58128F74}
	EndGlobalSection
	GlobalSection(ExtensibilityGlobals) = postSolution
		SolutionGuid = {41B29F2E-31F1-4C04-9F95-5561522F5237}
	EndGlobalSection
EndGlobal
